// !$*UTF8*$!
{
	archiveVersion = 1;
	classes = {
	};
	objectVersion = 50;
	objects = {

/* Begin PBXBuildFile section */
		6B2254A920A60979001A5904 /* Item.swift in Sources */ = {isa = PBXBuildFile; fileRef = 6B2254A820A60979001A5904 /* Item.swift */; };
		6BC3E68F20A3BD8F00551F54 /* AppDelegate.swift in Sources */ = {isa = PBXBuildFile; fileRef = 6BC3E68E20A3BD8F00551F54 /* AppDelegate.swift */; };
		6BC3E69120A3BD8F00551F54 /* TodoListViewController.swift in Sources */ = {isa = PBXBuildFile; fileRef = 6BC3E69020A3BD8F00551F54 /* TodoListViewController.swift */; };
		6BC3E69420A3BD8F00551F54 /* Main.storyboard in Resources */ = {isa = PBXBuildFile; fileRef = 6BC3E69220A3BD8F00551F54 /* Main.storyboard */; };
		6BC3E69620A3BD9000551F54 /* Assets.xcassets in Resources */ = {isa = PBXBuildFile; fileRef = 6BC3E69520A3BD9000551F54 /* Assets.xcassets */; };
		6BC3E69920A3BD9000551F54 /* LaunchScreen.storyboard in Resources */ = {isa = PBXBuildFile; fileRef = 6BC3E69720A3BD9000551F54 /* LaunchScreen.storyboard */; };
/* End PBXBuildFile section */

/* Begin PBXFileReference section */
		6B2254A820A60979001A5904 /* Item.swift */ = {isa = PBXFileReference; lastKnownFileType = sourcecode.swift; path = Item.swift; sourceTree = "<group>"; };
		6BC3E68B20A3BD8F00551F54 /* Todooey.app */ = {isa = PBXFileReference; explicitFileType = wrapper.application; includeInIndex = 0; path = Todooey.app; sourceTree = BUILT_PRODUCTS_DIR; };
		6BC3E68E20A3BD8F00551F54 /* AppDelegate.swift */ = {isa = PBXFileReference; lastKnownFileType = sourcecode.swift; path = AppDelegate.swift; sourceTree = "<group>"; };
		6BC3E69020A3BD8F00551F54 /* TodoListViewController.swift */ = {isa = PBXFileReference; lastKnownFileType = sourcecode.swift; path = TodoListViewController.swift; sourceTree = "<group>"; };
		6BC3E69320A3BD8F00551F54 /* Base */ = {isa = PBXFileReference; lastKnownFileType = file.storyboard; name = Base; path = Base.lproj/Main.storyboard; sourceTree = "<group>"; };
		6BC3E69520A3BD9000551F54 /* Assets.xcassets */ = {isa = PBXFileReference; lastKnownFileType = folder.assetcatalog; path = Assets.xcassets; sourceTree = "<group>"; };
		6BC3E69820A3BD9000551F54 /* Base */ = {isa = PBXFileReference; lastKnownFileType = file.storyboard; name = Base; path = Base.lproj/LaunchScreen.storyboard; sourceTree = "<group>"; };
		6BC3E69A20A3BD9000551F54 /* Info.plist */ = {isa = PBXFileReference; lastKnownFileType = text.plist.xml; path = Info.plist; sourceTree = "<group>"; };
/* End PBXFileReference section */

/* Begin PBXFrameworksBuildPhase section */
		6BC3E68820A3BD8F00551F54 /* Frameworks */ = {
			isa = PBXFrameworksBuildPhase;
			buildActionMask = 2147483647;
			files = (
			);
			runOnlyForDeploymentPostprocessing = 0;
		};
/* End PBXFrameworksBuildPhase section */

/* Begin PBXGroup section */
		6B2254AB20A60A04001A5904 /* DataModel */ = {
			isa = PBXGroup;
			children = (
				6B2254A820A60979001A5904 /* Item.swift */,
			);
			path = DataModel;
			sourceTree = "<group>";
		};
		6B2254AC20A60A1D001A5904 /* Controllers */ = {
			isa = PBXGroup;
			children = (
				6BC3E69020A3BD8F00551F54 /* TodoListViewController.swift */,
			);
			path = Controllers;
			sourceTree = "<group>";
		};
		6B2254AD20A60A28001A5904 /* Views */ = {
			isa = PBXGroup;
			children = (
				6BC3E69220A3BD8F00551F54 /* Main.storyboard */,
			);
			path = Views;
			sourceTree = "<group>";
		};
		6B2254AE20A60A6C001A5904 /* SupportingFiles */ = {
			isa = PBXGroup;
			children = (
				6BC3E69520A3BD9000551F54 /* Assets.xcassets */,
				6BC3E69720A3BD9000551F54 /* LaunchScreen.storyboard */,
			);
			path = SupportingFiles;
			sourceTree = "<group>";
		};
		6BC3E68220A3BD8F00551F54 = {
			isa = PBXGroup;
			children = (
				6BC3E68D20A3BD8F00551F54 /* Todooey */,
				6BC3E68C20A3BD8F00551F54 /* Products */,
			);
			sourceTree = "<group>";
		};
		6BC3E68C20A3BD8F00551F54 /* Products */ = {
			isa = PBXGroup;
			children = (
				6BC3E68B20A3BD8F00551F54 /* Todooey.app */,
			);
			name = Products;
			sourceTree = "<group>";
		};
		6BC3E68D20A3BD8F00551F54 /* Todooey */ = {
			isa = PBXGroup;
			children = (
				6BC3E68E20A3BD8F00551F54 /* AppDelegate.swift */,
				6B2254AB20A60A04001A5904 /* DataModel */,
				6B2254AC20A60A1D001A5904 /* Controllers */,
				6B2254AD20A60A28001A5904 /* Views */,
				6B2254AE20A60A6C001A5904 /* SupportingFiles */,
				6BC3E69A20A3BD9000551F54 /* Info.plist */,
			);
			path = Todooey;
			sourceTree = "<group>";
		};
/* End PBXGroup section */

/* Begin PBXNativeTarget section */
		6BC3E68A20A3BD8F00551F54 /* Todooey */ = {
			isa = PBXNativeTarget;
			buildConfigurationList = 6BC3E69D20A3BD9000551F54 /* Build configuration list for PBXNativeTarget "Todooey" */;
			buildPhases = (
				6BC3E68720A3BD8F00551F54 /* Sources */,
				6BC3E68820A3BD8F00551F54 /* Frameworks */,
				6BC3E68920A3BD8F00551F54 /* Resources */,
			);
			buildRules = (
			);
			dependencies = (
			);
			name = Todooey;
			productName = Todooey;
			productReference = 6BC3E68B20A3BD8F00551F54 /* Todooey.app */;
			productType = "com.apple.product-type.application";
		};
/* End PBXNativeTarget section */

/* Begin PBXProject section */
		6BC3E68320A3BD8F00551F54 /* Project object */ = {
			isa = PBXProject;
			attributes = {
				LastSwiftUpdateCheck = 0930;
				LastUpgradeCheck = 0930;
				ORGANIZATIONNAME = "Justin Greene";
				TargetAttributes = {
					6BC3E68A20A3BD8F00551F54 = {
						CreatedOnToolsVersion = 9.3;
					};
				};
			};
			buildConfigurationList = 6BC3E68620A3BD8F00551F54 /* Build configuration list for PBXProject "Todooey" */;
			compatibilityVersion = "Xcode 9.3";
			developmentRegion = en;
			hasScannedForEncodings = 0;
			knownRegions = (
				en,
				Base,
			);
			mainGroup = 6BC3E68220A3BD8F00551F54;
			productRefGroup = 6BC3E68C20A3BD8F00551F54 /* Products */;
			projectDirPath = "";
			projectRoot = "";
			targets = (
				6BC3E68A20A3BD8F00551F54 /* Todooey */,
			);
		};
/* End PBXProject section */

/* Begin PBXResourcesBuildPhase section */
		6BC3E68920A3BD8F00551F54 /* Resources */ = {
			isa = PBXResourcesBuildPhase;
			buildActionMask = 2147483647;
			files = (
				6BC3E69920A3BD9000551F54 /* LaunchScreen.storyboard in Resources */,
				6BC3E69620A3BD9000551F54 /* Assets.xcassets in Resources */,
				6BC3E69420A3BD8F00551F54 /* Main.storyboard in Resources */,
			);
			runOnlyForDeploymentPostprocessing = 0;
		};
/* End PBXResourcesBuildPhase section */

/* Begin PBXSourcesBuildPhase section */
		6BC3E68720A3BD8F00551F54 /* Sources */ = {
			isa = PBXSourcesBuildPhase;
			buildActionMask = 2147483647;
			files = (
				6BC3E69120A3BD8F00551F54 /* TodoListViewController.swift in Sources */,
				6B2254A920A60979001A5904 /* Item.swift in Sources */,
				6BC3E68F20A3BD8F00551F54 /* AppDelegate.swift in Sources */,
			);
			runOnlyForDeploymentPostprocessing = 0;
		};
/* End PBXSourcesBuildPhase section */

/* Begin PBXVariantGroup section */
		6BC3E69220A3BD8F00551F54 /* Main.storyboard */ = {
			isa = PBXVariantGroup;
			children = (
				6BC3E69320A3BD8F00551F54 /* Base */,
			);
			name = Main.storyboard;
			sourceTree = "<group>";
		};
		6BC3E69720A3BD9000551F54 /* LaunchScreen.storyboard */ = {
			isa = PBXVariantGroup;
			children = (
				6BC3E69820A3BD9000551F54 /* Base */,
			);
			name = LaunchScreen.storyboard;
			sourceTree = "<group>";
		};
/* End PBXVariantGroup section */

/* Begin XCBuildConfiguration section */
		6BC3E69B20A3BD9000551F54 /* Debug */ = {
			isa = XCBuildConfiguration;
			buildSettings = {
				ALWAYS_SEARCH_USER_PATHS = NO;
				CLANG_ANALYZER_NONNULL = YES;
				CLANG_ANALYZER_NUMBER_OBJECT_CONVERSION = YES_AGGRESSIVE;
				CLANG_CXX_LANGUAGE_STANDARD = "gnu++14";
				CLANG_CXX_LIBRARY = "libc++";
				CLANG_ENABLE_MODULES = YES;
				CLANG_ENABLE_OBJC_ARC = YES;
				CLANG_ENABLE_OBJC_WEAK = YES;
				CLANG_WARN_BLOCK_CAPTURE_AUTORELEASING = YES;
				CLANG_WARN_BOOL_CONVERSION = YES;
				CLANG_WARN_COMMA = YES;
				CLANG_WARN_CONSTANT_CONVERSION = YES;
				CLANG_WARN_DEPRECATED_OBJC_IMPLEMENTATIONS = YES;
				CLANG_WARN_DIRECT_OBJC_ISA_USAGE = YES_ERROR;
				CLANG_WARN_DOCUMENTATION_COMMENTS = YES;
				CLANG_WARN_EMPTY_BODY = YES;
				CLANG_WARN_ENUM_CONVERSION = YES;
				CLANG_WARN_INFINITE_RECURSION = YES;
				CLANG_WARN_INT_CONVERSION = YES;
				CLANG_WARN_NON_LITERAL_NULL_CONVERSION = YES;
				CLANG_WARN_OBJC_IMPLICIT_RETAIN_SELF = YES;
				CLANG_WARN_OBJC_LITERAL_CONVERSION = YES;
				CLANG_WARN_OBJC_ROOT_CLASS = YES_ERROR;
				CLANG_WARN_RANGE_LOOP_ANALYSIS = YES;
				CLANG_WARN_STRICT_PROTOTYPES = YES;
				CLANG_WARN_SUSPICIOUS_MOVE = YES;
				CLANG_WARN_UNGUARDED_AVAILABILITY = YES_AGGRESSIVE;
				CLANG_WARN_UNREACHABLE_CODE = YES;
				CLANG_WARN__DUPLICATE_METHOD_MATCH = YES;
				CODE_SIGN_IDENTITY = "iPhone Developer";
				COPY_PHASE_STRIP = NO;
				DEBUG_INFORMATION_FORMAT = dwarf;
				ENABLE_STRICT_OBJC_MSGSEND = YES;
				ENABLE_TESTABILITY = YES;
				GCC_C_LANGUAGE_STANDARD = gnu11;
				GCC_DYNAMIC_NO_PIC = NO;
				GCC_NO_COMMON_BLOCKS = YES;
				GCC_OPTIMIZATION_LEVEL = 0;
				GCC_PREPROCESSOR_DEFINITIONS = (
					"DEBUG=1",
					"$(inherited)",
				);
				GCC_WARN_64_TO_32_BIT_CONVERSION = YES;
				GCC_WARN_ABOUT_RETURN_TYPE = YES_ERROR;
				GCC_WARN_UNDECLARED_SELECTOR = YES;
				GCC_WARN_UNINITIALIZED_AUTOS = YES_AGGRESSIVE;
				GCC_WARN_UNUSED_FUNCTION = YES;
				GCC_WARN_UNUSED_VARIABLE = YES;
				IPHONEOS_DEPLOYMENT_TARGET = 11.3;
				MTL_ENABLE_DEBUG_INFO = YES;
				ONLY_ACTIVE_ARCH = YES;
				SDKROOT = iphoneos;
				SWIFT_ACTIVE_COMPILATION_CONDITIONS = DEBUG;
				SWIFT_OPTIMIZATION_LEVEL = "-Onone";
			};
			name = Debug;
		};
		6BC3E69C20A3BD9000551F54 /* Release */ = {
			isa = XCBuildConfiguration;
			buildSettings = {
				ALWAYS_SEARCH_USER_PATHS = NO;
				CLANG_ANALYZER_NONNULL = YES;
				CLANG_ANALYZER_NUMBER_OBJECT_CONVERSION = YES_AGGRESSIVE;
				CLANG_CXX_LANGUAGE_STANDARD = "gnu++14";
				CLANG_CXX_LIBRARY = "libc++";
				CLANG_ENABLE_MODULES = YES;
				CLANG_ENABLE_OBJC_ARC = YES;
				CLANG_ENABLE_OBJC_WEAK = YES;
				CLANG_WARN_BLOCK_CAPTURE_AUTORELEASING = YES;
				CLANG_WARN_BOOL_CONVERSION = YES;
				CLANG_WARN_COMMA = YES;
				CLANG_WARN_CONSTANT_CONVERSION = YES;
				CLANG_WARN_DEPRECATED_OBJC_IMPLEMENTATIONS = YES;
				CLANG_WARN_DIRECT_OBJC_ISA_USAGE = YES_ERROR;
				CLANG_WARN_DOCUMENTATION_COMMENTS = YES;
				CLANG_WARN_EMPTY_BODY = YES;
				CLANG_WARN_ENUM_CONVERSION = YES;
				CLANG_WARN_INFINITE_RECURSION = YES;
				CLANG_WARN_INT_CONVERSION = YES;
				CLANG_WARN_NON_LITERAL_NULL_CONVERSION = YES;
				CLANG_WARN_OBJC_IMPLICIT_RETAIN_SELF = YES;
				CLANG_WARN_OBJC_LITERAL_CONVERSION = YES;
				CLANG_WARN_OBJC_ROOT_CLASS = YES_ERROR;
				CLANG_WARN_RANGE_LOOP_ANALYSIS = YES;
				CLANG_WARN_STRICT_PROTOTYPES = YES;
				CLANG_WARN_SUSPICIOUS_MOVE = YES;
				CLANG_WARN_UNGUARDED_AVAILABILITY = YES_AGGRESSIVE;
				CLANG_WARN_UNREACHABLE_CODE = YES;
				CLANG_WARN__DUPLICATE_METHOD_MATCH = YES;
				CODE_SIGN_IDENTITY = "iPhone Developer";
				COPY_PHASE_STRIP = NO;
				DEBUG_INFORMATION_FORMAT = "dwarf-with-dsym";
				ENABLE_NS_ASSERTIONS = NO;
				ENABLE_STRICT_OBJC_MSGSEND = YES;
				GCC_C_LANGUAGE_STANDARD = gnu11;
				GCC_NO_COMMON_BLOCKS = YES;
				GCC_WARN_64_TO_32_BIT_CONVERSION = YES;
				GCC_WARN_ABOUT_RETURN_TYPE = YES_ERROR;
				GCC_WARN_UNDECLARED_SELECTOR = YES;
				GCC_WARN_UNINITIALIZED_AUTOS = YES_AGGRESSIVE;
				GCC_WARN_UNUSED_FUNCTION = YES;
				GCC_WARN_UNUSED_VARIABLE = YES;
				IPHONEOS_DEPLOYMENT_TARGET = 11.3;
				MTL_ENABLE_DEBUG_INFO = NO;
				SDKROOT = iphoneos;
				SWIFT_COMPILATION_MODE = wholemodule;
				SWIFT_OPTIMIZATION_LEVEL = "-O";
				VALIDATE_PRODUCT = YES;
			};
			name = Release;
		};
		6BC3E69E20A3BD9000551F54 /* Debug */ = {
			isa = XCBuildConfiguration;
			buildSettings = {
				ASSETCATALOG_COMPILER_APPICON_NAME = AppIcon;
				CODE_SIGN_STYLE = Automatic;
				INFOPLIST_FILE = Todooey/Info.plist;
				LD_RUNPATH_SEARCH_PATHS = (
					"$(inherited)",
					"@executable_path/Frameworks",
				);
				PRODUCT_BUNDLE_IDENTIFIER = edu.asu.bsse.jagree19.Todooey;
				PRODUCT_NAME = "$(TARGET_NAME)";
				SWIFT_VERSION = 4.0;
				TARGETED_DEVICE_FAMILY = "1,2";
			};
			name = Debug;
		};
		6BC3E69F20A3BD9000551F54 /* Release */ = {
			isa = XCBuildConfiguration;
			buildSettings = {
				ASSETCATALOG_COMPILER_APPICON_NAME = AppIcon;
				CODE_SIGN_STYLE = Automatic;
				INFOPLIST_FILE = Todooey/Info.plist;
				LD_RUNPATH_SEARCH_PATHS = (
					"$(inherited)",
					"@executable_path/Frameworks",
				);
				PRODUCT_BUNDLE_IDENTIFIER = edu.asu.bsse.jagree19.Todooey;
				PRODUCT_NAME = "$(TARGET_NAME)";
				SWIFT_VERSION = 4.0;
				TARGETED_DEVICE_FAMILY = "1,2";
			};
			name = Release;
		};
/* End XCBuildConfiguration section */

/* Begin XCConfigurationList section */
		6BC3E68620A3BD8F00551F54 /* Build configuration list for PBXProject "Todooey" */ = {
			isa = XCConfigurationList;
			buildConfigurations = (
				6BC3E69B20A3BD9000551F54 /* Debug */,
				6BC3E69C20A3BD9000551F54 /* Release */,
			);
			defaultConfigurationIsVisible = 0;
			defaultConfigurationName = Release;
		};
		6BC3E69D20A3BD9000551F54 /* Build configuration list for PBXNativeTarget "Todooey" */ = {
			isa = XCConfigurationList;
			buildConfigurations = (
				6BC3E69E20A3BD9000551F54 /* Debug */,
				6BC3E69F20A3BD9000551F54 /* Release */,
			);
			defaultConfigurationIsVisible = 0;
			defaultConfigurationName = Release;
		};
/* End XCConfigurationList section */
	};
	rootObject = 6BC3E68320A3BD8F00551F54 /* Project object */;
}
